// !$*UTF8*$!
{
	archiveVersion = 1;
	classes = {
	};
	objectVersion = 55;
	objects = {

/* Begin PBXBuildFile section */
		AC5F401B2876394900D79EF8 /* AppDelegate.swift in Sources */ = {isa = PBXBuildFile; fileRef = AC5F401A2876394900D79EF8 /* AppDelegate.swift */; };
		AC5F401D2876394900D79EF8 /* SceneDelegate.swift in Sources */ = {isa = PBXBuildFile; fileRef = AC5F401C2876394900D79EF8 /* SceneDelegate.swift */; };
		AC5F40222876394900D79EF8 /* Main.storyboard in Resources */ = {isa = PBXBuildFile; fileRef = AC5F40202876394900D79EF8 /* Main.storyboard */; };
		AC5F40242876394A00D79EF8 /* Assets.xcassets in Resources */ = {isa = PBXBuildFile; fileRef = AC5F40232876394A00D79EF8 /* Assets.xcassets */; };
		AC5F40272876394A00D79EF8 /* LaunchScreen.storyboard in Resources */ = {isa = PBXBuildFile; fileRef = AC5F40252876394A00D79EF8 /* LaunchScreen.storyboard */; };
		AC5F402F28763A1900D79EF8 /* MainViewController.swift in Sources */ = {isa = PBXBuildFile; fileRef = AC5F402E28763A1900D79EF8 /* MainViewController.swift */; };
		AC5F40312876429D00D79EF8 /* PizzaCollectionViewCell.swift in Sources */ = {isa = PBXBuildFile; fileRef = AC5F40302876429D00D79EF8 /* PizzaCollectionViewCell.swift */; };
		AC5F403328764CA800D79EF8 /* PizzaData.swift in Sources */ = {isa = PBXBuildFile; fileRef = AC5F403228764CA800D79EF8 /* PizzaData.swift */; };
		AC5F403528764CC400D79EF8 /* Pizza.swift in Sources */ = {isa = PBXBuildFile; fileRef = AC5F403428764CC400D79EF8 /* Pizza.swift */; };
		AC5F403728764EF200D79EF8 /* DetailViewController.swift in Sources */ = {isa = PBXBuildFile; fileRef = AC5F403628764EF200D79EF8 /* DetailViewController.swift */; };
/* End PBXBuildFile section */

/* Begin PBXFileReference section */
		AC5F40172876394900D79EF8 /* AstroPizza.app */ = {isa = PBXFileReference; explicitFileType = wrapper.application; includeInIndex = 0; path = AstroPizza.app; sourceTree = BUILT_PRODUCTS_DIR; };
		AC5F401A2876394900D79EF8 /* AppDelegate.swift */ = {isa = PBXFileReference; lastKnownFileType = sourcecode.swift; path = AppDelegate.swift; sourceTree = "<group>"; };
		AC5F401C2876394900D79EF8 /* SceneDelegate.swift */ = {isa = PBXFileReference; lastKnownFileType = sourcecode.swift; path = SceneDelegate.swift; sourceTree = "<group>"; };
		AC5F40212876394900D79EF8 /* Base */ = {isa = PBXFileReference; lastKnownFileType = file.storyboard; name = Base; path = Base.lproj/Main.storyboard; sourceTree = "<group>"; };
		AC5F40232876394A00D79EF8 /* Assets.xcassets */ = {isa = PBXFileReference; lastKnownFileType = folder.assetcatalog; path = Assets.xcassets; sourceTree = "<group>"; };
		AC5F40262876394A00D79EF8 /* Base */ = {isa = PBXFileReference; lastKnownFileType = file.storyboard; name = Base; path = Base.lproj/LaunchScreen.storyboard; sourceTree = "<group>"; };
		AC5F40282876394A00D79EF8 /* Info.plist */ = {isa = PBXFileReference; lastKnownFileType = text.plist.xml; path = Info.plist; sourceTree = "<group>"; };
		AC5F402E28763A1900D79EF8 /* MainViewController.swift */ = {isa = PBXFileReference; lastKnownFileType = sourcecode.swift; path = MainViewController.swift; sourceTree = "<group>"; };
		AC5F40302876429D00D79EF8 /* PizzaCollectionViewCell.swift */ = {isa = PBXFileReference; lastKnownFileType = sourcecode.swift; path = PizzaCollectionViewCell.swift; sourceTree = "<group>"; };
		AC5F403228764CA800D79EF8 /* PizzaData.swift */ = {isa = PBXFileReference; lastKnownFileType = sourcecode.swift; path = PizzaData.swift; sourceTree = "<group>"; };
		AC5F403428764CC400D79EF8 /* Pizza.swift */ = {isa = PBXFileReference; lastKnownFileType = sourcecode.swift; path = Pizza.swift; sourceTree = "<group>"; };
		AC5F403628764EF200D79EF8 /* DetailViewController.swift */ = {isa = PBXFileReference; lastKnownFileType = sourcecode.swift; path = DetailViewController.swift; sourceTree = "<group>"; };
/* End PBXFileReference section */

/* Begin PBXFrameworksBuildPhase section */
		AC5F40142876394900D79EF8 /* Frameworks */ = {
			isa = PBXFrameworksBuildPhase;
			buildActionMask = 2147483647;
			files = (
			);
			runOnlyForDeploymentPostprocessing = 0;
		};
/* End PBXFrameworksBuildPhase section */

/* Begin PBXGroup section */
		AC5F400E2876394900D79EF8 = {
			isa = PBXGroup;
			children = (
				AC5F403228764CA800D79EF8 /* PizzaData.swift */,
				AC5F403428764CC400D79EF8 /* Pizza.swift */,
				AC5F40192876394900D79EF8 /* AstroPizza */,
				AC5F40182876394900D79EF8 /* Products */,
			);
			sourceTree = "<group>";
		};
		AC5F40182876394900D79EF8 /* Products */ = {
			isa = PBXGroup;
			children = (
				AC5F40172876394900D79EF8 /* AstroPizza.app */,
			);
			name = Products;
			sourceTree = "<group>";
		};
		AC5F40192876394900D79EF8 /* AstroPizza */ = {
			isa = PBXGroup;
			children = (
				AC5F401A2876394900D79EF8 /* AppDelegate.swift */,
				AC5F401C2876394900D79EF8 /* SceneDelegate.swift */,
				AC5F402E28763A1900D79EF8 /* MainViewController.swift */,
				AC5F40302876429D00D79EF8 /* PizzaCollectionViewCell.swift */,
				AC5F403628764EF200D79EF8 /* DetailViewController.swift */,
				AC5F40202876394900D79EF8 /* Main.storyboard */,
				AC5F40232876394A00D79EF8 /* Assets.xcassets */,
				AC5F40252876394A00D79EF8 /* LaunchScreen.storyboard */,
				AC5F40282876394A00D79EF8 /* Info.plist */,
			);
			path = AstroPizza;
			sourceTree = "<group>";
		};
/* End PBXGroup section */

/* Begin PBXNativeTarget section */
		AC5F40162876394900D79EF8 /* AstroPizza */ = {
			isa = PBXNativeTarget;
			buildConfigurationList = AC5F402B2876394A00D79EF8 /* Build configuration list for PBXNativeTarget "AstroPizza" */;
			buildPhases = (
				AC5F40132876394900D79EF8 /* Sources */,
				AC5F40142876394900D79EF8 /* Frameworks */,
				AC5F40152876394900D79EF8 /* Resources */,
			);
			buildRules = (
			);
			dependencies = (
			);
			name = AstroPizza;
			productName = AstroPizza;
			productReference = AC5F40172876394900D79EF8 /* AstroPizza.app */;
			productType = "com.apple.product-type.application";
		};
/* End PBXNativeTarget section */

/* Begin PBXProject section */
		AC5F400F2876394900D79EF8 /* Project object */ = {
			isa = PBXProject;
			attributes = {
				BuildIndependentTargetsInParallel = 1;
				LastSwiftUpdateCheck = 1340;
				LastUpgradeCheck = 1340;
				TargetAttributes = {
					AC5F40162876394900D79EF8 = {
						CreatedOnToolsVersion = 13.4.1;
					};
				};
			};
			buildConfigurationList = AC5F40122876394900D79EF8 /* Build configuration list for PBXProject "AstroPizza" */;
			compatibilityVersion = "Xcode 13.0";
			developmentRegion = en;
			hasScannedForEncodings = 0;
			knownRegions = (
				en,
				Base,
			);
			mainGroup = AC5F400E2876394900D79EF8;
			productRefGroup = AC5F40182876394900D79EF8 /* Products */;
			projectDirPath = "";
			projectRoot = "";
			targets = (
				AC5F40162876394900D79EF8 /* AstroPizza */,
			);
		};
/* End PBXProject section */

/* Begin PBXResourcesBuildPhase section */
		AC5F40152876394900D79EF8 /* Resources */ = {
			isa = PBXResourcesBuildPhase;
			buildActionMask = 2147483647;
			files = (
				AC5F40272876394A00D79EF8 /* LaunchScreen.storyboard in Resources */,
				AC5F40242876394A00D79EF8 /* Assets.xcassets in Resources */,
				AC5F40222876394900D79EF8 /* Main.storyboard in Resources */,
			);
			runOnlyForDeploymentPostprocessing = 0;
		};
/* End PBXResourcesBuildPhase section */

/* Begin PBXSourcesBuildPhase section */
		AC5F40132876394900D79EF8 /* Sources */ = {
			isa = PBXSourcesBuildPhase;
			buildActionMask = 2147483647;
			files = (
				AC5F403328764CA800D79EF8 /* PizzaData.swift in Sources */,
				AC5F402F28763A1900D79EF8 /* MainViewController.swift in Sources */,
				AC5F403528764CC400D79EF8 /* Pizza.swift in Sources */,
				AC5F40312876429D00D79EF8 /* PizzaCollectionViewCell.swift in Sources */,
				AC5F401B2876394900D79EF8 /* AppDelegate.swift in Sources */,
				AC5F401D2876394900D79EF8 /* SceneDelegate.swift in Sources */,
				AC5F403728764EF200D79EF8 /* DetailViewController.swift in Sources */,
			);
			runOnlyForDeploymentPostprocessing = 0;
		};
/* End PBXSourcesBuildPhase section */

/* Begin PBXVariantGroup section */
		AC5F40202876394900D79EF8 /* Main.storyboard */ = {
			isa = PBXVariantGroup;
			children = (
				AC5F40212876394900D79EF8 /* Base */,
			);
			name = Main.storyboard;
			sourceTree = "<group>";
		};
		AC5F40252876394A00D79EF8 /* LaunchScreen.storyboard */ = {
			isa = PBXVariantGroup;
			children = (
				AC5F40262876394A00D79EF8 /* Base */,
			);
			name = LaunchScreen.storyboard;
			sourceTree = "<group>";
		};
/* End PBXVariantGroup section */

/* Begin XCBuildConfiguration section */
		AC5F40292876394A00D79EF8 /* Debug */ = {
			isa = XCBuildConfiguration;
			buildSettings = {
				ALWAYS_SEARCH_USER_PATHS = NO;
				CLANG_ANALYZER_NONNULL = YES;
				CLANG_ANALYZER_NUMBER_OBJECT_CONVERSION = YES_AGGRESSIVE;
				CLANG_CXX_LANGUAGE_STANDARD = "gnu++17";
				CLANG_ENABLE_MODULES = YES;
				CLANG_ENABLE_OBJC_ARC = YES;
				CLANG_ENABLE_OBJC_WEAK = YES;
				CLANG_WARN_BLOCK_CAPTURE_AUTORELEASING = YES;
				CLANG_WARN_BOOL_CONVERSION = YES;
				CLANG_WARN_COMMA = YES;
				CLANG_WARN_CONSTANT_CONVERSION = YES;
				CLANG_WARN_DEPRECATED_OBJC_IMPLEMENTATIONS = YES;
				CLANG_WARN_DIRECT_OBJC_ISA_USAGE = YES_ERROR;
				CLANG_WARN_DOCUMENTATION_COMMENTS = YES;
				CLANG_WARN_EMPTY_BODY = YES;
				CLANG_WARN_ENUM_CONVERSION = YES;
				CLANG_WARN_INFINITE_RECURSION = YES;
				CLANG_WARN_INT_CONVERSION = YES;
				CLANG_WARN_NON_LITERAL_NULL_CONVERSION = YES;
				CLANG_WARN_OBJC_IMPLICIT_RETAIN_SELF = YES;
				CLANG_WARN_OBJC_LITERAL_CONVERSION = YES;
				CLANG_WARN_OBJC_ROOT_CLASS = YES_ERROR;
				CLANG_WARN_QUOTED_INCLUDE_IN_FRAMEWORK_HEADER = YES;
				CLANG_WARN_RANGE_LOOP_ANALYSIS = YES;
				CLANG_WARN_STRICT_PROTOTYPES = YES;
				CLANG_WARN_SUSPICIOUS_MOVE = YES;
				CLANG_WARN_UNGUARDED_AVAILABILITY = YES_AGGRESSIVE;
				CLANG_WARN_UNREACHABLE_CODE = YES;
				CLANG_WARN__DUPLICATE_METHOD_MATCH = YES;
				COPY_PHASE_STRIP = NO;
				DEBUG_INFORMATION_FORMAT = dwarf;
				ENABLE_STRICT_OBJC_MSGSEND = YES;
				ENABLE_TESTABILITY = YES;
				GCC_C_LANGUAGE_STANDARD = gnu11;
				GCC_DYNAMIC_NO_PIC = NO;
				GCC_NO_COMMON_BLOCKS = YES;
				GCC_OPTIMIZATION_LEVEL = 0;
				GCC_PREPROCESSOR_DEFINITIONS = (
					"DEBUG=1",
					"$(inherited)",
				);
				GCC_WARN_64_TO_32_BIT_CONVERSION = YES;
				GCC_WARN_ABOUT_RETURN_TYPE = YES_ERROR;
				GCC_WARN_UNDECLARED_SELECTOR = YES;
				GCC_WARN_UNINITIALIZED_AUTOS = YES_AGGRESSIVE;
				GCC_WARN_UNUSED_FUNCTION = YES;
				GCC_WARN_UNUSED_VARIABLE = YES;
				IPHONEOS_DEPLOYMENT_TARGET = 15.5;
				MTL_ENABLE_DEBUG_INFO = INCLUDE_SOURCE;
				MTL_FAST_MATH = YES;
				ONLY_ACTIVE_ARCH = YES;
				SDKROOT = iphoneos;
				SWIFT_ACTIVE_COMPILATION_CONDITIONS = DEBUG;
				SWIFT_OPTIMIZATION_LEVEL = "-Onone";
			};
			name = Debug;
		};
		AC5F402A2876394A00D79EF8 /* Release */ = {
			isa = XCBuildConfiguration;
			buildSettings = {
				ALWAYS_SEARCH_USER_PATHS = NO;
				CLANG_ANALYZER_NONNULL = YES;
				CLANG_ANALYZER_NUMBER_OBJECT_CONVERSION = YES_AGGRESSIVE;
				CLANG_CXX_LANGUAGE_STANDARD = "gnu++17";
				CLANG_ENABLE_MODULES = YES;
				CLANG_ENABLE_OBJC_ARC = YES;
				CLANG_ENABLE_OBJC_WEAK = YES;
				CLANG_WARN_BLOCK_CAPTURE_AUTORELEASING = YES;
				CLANG_WARN_BOOL_CONVERSION = YES;
				CLANG_WARN_COMMA = YES;
				CLANG_WARN_CONSTANT_CONVERSION = YES;
				CLANG_WARN_DEPRECATED_OBJC_IMPLEMENTATIONS = YES;
				CLANG_WARN_DIRECT_OBJC_ISA_USAGE = YES_ERROR;
				CLANG_WARN_DOCUMENTATION_COMMENTS = YES;
				CLANG_WARN_EMPTY_BODY = YES;
				CLANG_WARN_ENUM_CONVERSION = YES;
				CLANG_WARN_INFINITE_RECURSION = YES;
				CLANG_WARN_INT_CONVERSION = YES;
				CLANG_WARN_NON_LITERAL_NULL_CONVERSION = YES;
				CLANG_WARN_OBJC_IMPLICIT_RETAIN_SELF = YES;
				CLANG_WARN_OBJC_LITERAL_CONVERSION = YES;
				CLANG_WARN_OBJC_ROOT_CLASS = YES_ERROR;
				CLANG_WARN_QUOTED_INCLUDE_IN_FRAMEWORK_HEADER = YES;
				CLANG_WARN_RANGE_LOOP_ANALYSIS = YES;
				CLANG_WARN_STRICT_PROTOTYPES = YES;
				CLANG_WARN_SUSPICIOUS_MOVE = YES;
				CLANG_WARN_UNGUARDED_AVAILABILITY = YES_AGGRESSIVE;
				CLANG_WARN_UNREACHABLE_CODE = YES;
				CLANG_WARN__DUPLICATE_METHOD_MATCH = YES;
				COPY_PHASE_STRIP = NO;
				DEBUG_INFORMATION_FORMAT = "dwarf-with-dsym";
				ENABLE_NS_ASSERTIONS = NO;
				ENABLE_STRICT_OBJC_MSGSEND = YES;
				GCC_C_LANGUAGE_STANDARD = gnu11;
				GCC_NO_COMMON_BLOCKS = YES;
				GCC_WARN_64_TO_32_BIT_CONVERSION = YES;
				GCC_WARN_ABOUT_RETURN_TYPE = YES_ERROR;
				GCC_WARN_UNDECLARED_SELECTOR = YES;
				GCC_WARN_UNINITIALIZED_AUTOS = YES_AGGRESSIVE;
				GCC_WARN_UNUSED_FUNCTION = YES;
				GCC_WARN_UNUSED_VARIABLE = YES;
				IPHONEOS_DEPLOYMENT_TARGET = 15.5;
				MTL_ENABLE_DEBUG_INFO = NO;
				MTL_FAST_MATH = YES;
				SDKROOT = iphoneos;
				SWIFT_COMPILATION_MODE = wholemodule;
				SWIFT_OPTIMIZATION_LEVEL = "-O";
				VALIDATE_PRODUCT = YES;
			};
			name = Release;
		};
		AC5F402C2876394A00D79EF8 /* Debug */ = {
			isa = XCBuildConfiguration;
			buildSettings = {
				ASSETCATALOG_COMPILER_APPICON_NAME = AppIcon;
				ASSETCATALOG_COMPILER_GLOBAL_ACCENT_COLOR_NAME = AccentColor;
				CODE_SIGN_STYLE = Automatic;
				CURRENT_PROJECT_VERSION = 1;
				DEVELOPMENT_TEAM = 6QY69PUF72;
				GENERATE_INFOPLIST_FILE = YES;
				INFOPLIST_FILE = AstroPizza/Info.plist;
				INFOPLIST_KEY_UIApplicationSupportsIndirectInputEvents = YES;
				INFOPLIST_KEY_UILaunchStoryboardName = LaunchScreen;
				INFOPLIST_KEY_UIMainStoryboardFile = Main;
				INFOPLIST_KEY_UISupportedInterfaceOrientations_iPad = "UIInterfaceOrientationPortrait UIInterfaceOrientationPortraitUpsideDown UIInterfaceOrientationLandscapeLeft UIInterfaceOrientationLandscapeRight";
				INFOPLIST_KEY_UISupportedInterfaceOrientations_iPhone = "UIInterfaceOrientationPortrait UIInterfaceOrientationLandscapeLeft UIInterfaceOrientationLandscapeRight";
				LD_RUNPATH_SEARCH_PATHS = (
					"$(inherited)",
					"@executable_path/Frameworks",
				);
				MARKETING_VERSION = 1.0;
				PRODUCT_BUNDLE_IDENTIFIER = com.joybending.AstroPizza;
				PRODUCT_NAME = "$(TARGET_NAME)";
				SWIFT_EMIT_LOC_STRINGS = YES;
				SWIFT_VERSION = 5.0;
				TARGETED_DEVICE_FAMILY = "1,2";
			};
			name = Debug;
		};
		AC5F402D2876394A00D79EF8 /* Release */ = {
			isa = XCBuildConfiguration;
			buildSettings = {
				ASSETCATALOG_COMPILER_APPICON_NAME = AppIcon;
				ASSETCATALOG_COMPILER_GLOBAL_ACCENT_COLOR_NAME = AccentColor;
				CODE_SIGN_STYLE = Automatic;
				CURRENT_PROJECT_VERSION = 1;
				DEVELOPMENT_TEAM = 6QY69PUF72;
				GENERATE_INFOPLIST_FILE = YES;
				INFOPLIST_FILE = AstroPizza/Info.plist;
				INFOPLIST_KEY_UIApplicationSupportsIndirectInputEvents = YES;
				INFOPLIST_KEY_UILaunchStoryboardName = LaunchScreen;
				INFOPLIST_KEY_UIMainStoryboardFile = Main;
				INFOPLIST_KEY_UISupportedInterfaceOrientations_iPad = "UIInterfaceOrientationPortrait UIInterfaceOrientationPortraitUpsideDown UIInterfaceOrientationLandscapeLeft UIInterfaceOrientationLandscapeRight";
				INFOPLIST_KEY_UISupportedInterfaceOrientations_iPhone = "UIInterfaceOrientationPortrait UIInterfaceOrientationLandscapeLeft UIInterfaceOrientationLandscapeRight";
				LD_RUNPATH_SEARCH_PATHS = (
					"$(inherited)",
					"@executable_path/Frameworks",
				);
				MARKETING_VERSION = 1.0;
				PRODUCT_BUNDLE_IDENTIFIER = com.joybending.AstroPizza;
				PRODUCT_NAME = "$(TARGET_NAME)";
				SWIFT_EMIT_LOC_STRINGS = YES;
				SWIFT_VERSION = 5.0;
				TARGETED_DEVICE_FAMILY = "1,2";
			};
			name = Release;
		};
/* End XCBuildConfiguration section */

/* Begin XCConfigurationList section */
		AC5F40122876394900D79EF8 /* Build configuration list for PBXProject "AstroPizza" */ = {
			isa = XCConfigurationList;
			buildConfigurations = (
				AC5F40292876394A00D79EF8 /* Debug */,
				AC5F402A2876394A00D79EF8 /* Release */,
			);
			defaultConfigurationIsVisible = 0;
			defaultConfigurationName = Release;
		};
		AC5F402B2876394A00D79EF8 /* Build configuration list for PBXNativeTarget "AstroPizza" */ = {
			isa = XCConfigurationList;
			buildConfigurations = (
				AC5F402C2876394A00D79EF8 /* Debug */,
				AC5F402D2876394A00D79EF8 /* Release */,
			);
			defaultConfigurationIsVisible = 0;
			defaultConfigurationName = Release;
		};
/* End XCConfigurationList section */
	};
	rootObject = AC5F400F2876394900D79EF8 /* Project object */;
}
